// !$*UTF8*$!
{
	archiveVersion = 1;
	classes = {
	};
	objectVersion = 56;
	objects = {

/* Begin PBXBuildFile section */
		7E4F46AC29CA0C8100EB78E9 /* tinderDribbbleApp.swift in Sources */ = {isa = PBXBuildFile; fileRef = 7E4F46AB29CA0C8100EB78E9 /* tinderDribbbleApp.swift */; };
		7E4F46AE29CA0C8100EB78E9 /* ContentView.swift in Sources */ = {isa = PBXBuildFile; fileRef = 7E4F46AD29CA0C8100EB78E9 /* ContentView.swift */; };
		7E4F46B029CA0C8200EB78E9 /* Assets.xcassets in Resources */ = {isa = PBXBuildFile; fileRef = 7E4F46AF29CA0C8200EB78E9 /* Assets.xcassets */; };
		7E4F46B329CA0C8200EB78E9 /* Preview Assets.xcassets in Resources */ = {isa = PBXBuildFile; fileRef = 7E4F46B229CA0C8200EB78E9 /* Preview Assets.xcassets */; };
		7E4F46BB29CA0D3500EB78E9 /* Gilroy-ExtraBold.otf in Resources */ = {isa = PBXBuildFile; fileRef = 7E4F46B929CA0D3500EB78E9 /* Gilroy-ExtraBold.otf */; };
		7E4F46BC29CA0D3500EB78E9 /* Gilroy-Light.otf in Resources */ = {isa = PBXBuildFile; fileRef = 7E4F46BA29CA0D3500EB78E9 /* Gilroy-Light.otf */; };
		7E9B30CA29CA13C100F2ADE1 /* HomeView.swift in Sources */ = {isa = PBXBuildFile; fileRef = 7E9B30C929CA13C100F2ADE1 /* HomeView.swift */; };
		7E9B30CC29CA152400F2ADE1 /* LocateView.swift in Sources */ = {isa = PBXBuildFile; fileRef = 7E9B30CB29CA152400F2ADE1 /* LocateView.swift */; };
		7E9B30CE29CA1A1300F2ADE1 /* TargetView.swift in Sources */ = {isa = PBXBuildFile; fileRef = 7E9B30CD29CA1A1300F2ADE1 /* TargetView.swift */; };
		7E9B30D029CA1A1F00F2ADE1 /* ChatView.swift in Sources */ = {isa = PBXBuildFile; fileRef = 7E9B30CF29CA1A1F00F2ADE1 /* ChatView.swift */; };
/* End PBXBuildFile section */

/* Begin PBXFileReference section */
		7E4F46A829CA0C8100EB78E9 /* tinderDribbble.app */ = {isa = PBXFileReference; explicitFileType = wrapper.application; includeInIndex = 0; path = tinderDribbble.app; sourceTree = BUILT_PRODUCTS_DIR; };
		7E4F46AB29CA0C8100EB78E9 /* tinderDribbbleApp.swift */ = {isa = PBXFileReference; lastKnownFileType = sourcecode.swift; path = tinderDribbbleApp.swift; sourceTree = "<group>"; };
		7E4F46AD29CA0C8100EB78E9 /* ContentView.swift */ = {isa = PBXFileReference; lastKnownFileType = sourcecode.swift; path = ContentView.swift; sourceTree = "<group>"; };
		7E4F46AF29CA0C8200EB78E9 /* Assets.xcassets */ = {isa = PBXFileReference; lastKnownFileType = folder.assetcatalog; path = Assets.xcassets; sourceTree = "<group>"; };
		7E4F46B229CA0C8200EB78E9 /* Preview Assets.xcassets */ = {isa = PBXFileReference; lastKnownFileType = folder.assetcatalog; path = "Preview Assets.xcassets"; sourceTree = "<group>"; };
		7E4F46B929CA0D3500EB78E9 /* Gilroy-ExtraBold.otf */ = {isa = PBXFileReference; lastKnownFileType = file; path = "Gilroy-ExtraBold.otf"; sourceTree = "<group>"; };
		7E4F46BA29CA0D3500EB78E9 /* Gilroy-Light.otf */ = {isa = PBXFileReference; lastKnownFileType = file; path = "Gilroy-Light.otf"; sourceTree = "<group>"; };
		7E4F46BD29CA0D6100EB78E9 /* Info.plist */ = {isa = PBXFileReference; lastKnownFileType = text.plist; path = Info.plist; sourceTree = "<group>"; };
		7E9B30C929CA13C100F2ADE1 /* HomeView.swift */ = {isa = PBXFileReference; lastKnownFileType = sourcecode.swift; path = HomeView.swift; sourceTree = "<group>"; };
		7E9B30CB29CA152400F2ADE1 /* LocateView.swift */ = {isa = PBXFileReference; lastKnownFileType = sourcecode.swift; path = LocateView.swift; sourceTree = "<group>"; };
		7E9B30CD29CA1A1300F2ADE1 /* TargetView.swift */ = {isa = PBXFileReference; lastKnownFileType = sourcecode.swift; path = TargetView.swift; sourceTree = "<group>"; };
		7E9B30CF29CA1A1F00F2ADE1 /* ChatView.swift */ = {isa = PBXFileReference; lastKnownFileType = sourcecode.swift; path = ChatView.swift; sourceTree = "<group>"; };
/* End PBXFileReference section */

/* Begin PBXFrameworksBuildPhase section */
		7E4F46A529CA0C8100EB78E9 /* Frameworks */ = {
			isa = PBXFrameworksBuildPhase;
			buildActionMask = 2147483647;
			files = (
			);
			runOnlyForDeploymentPostprocessing = 0;
		};
/* End PBXFrameworksBuildPhase section */

/* Begin PBXGroup section */
		7E4F469F29CA0C8100EB78E9 = {
			isa = PBXGroup;
			children = (
				7E4F46AA29CA0C8100EB78E9 /* tinderDribbble */,
				7E4F46A929CA0C8100EB78E9 /* Products */,
			);
			sourceTree = "<group>";
		};
		7E4F46A929CA0C8100EB78E9 /* Products */ = {
			isa = PBXGroup;
			children = (
				7E4F46A829CA0C8100EB78E9 /* tinderDribbble.app */,
			);
			name = Products;
			sourceTree = "<group>";
		};
		7E4F46AA29CA0C8100EB78E9 /* tinderDribbble */ = {
			isa = PBXGroup;
			children = (
				7E4F46BD29CA0D6100EB78E9 /* Info.plist */,
				7E4F46AB29CA0C8100EB78E9 /* tinderDribbbleApp.swift */,
				7E4F46AD29CA0C8100EB78E9 /* ContentView.swift */,
				7E9B30CD29CA1A1300F2ADE1 /* TargetView.swift */,
				7E9B30CF29CA1A1F00F2ADE1 /* ChatView.swift */,
				7E9B30CB29CA152400F2ADE1 /* LocateView.swift */,
				7E9B30C929CA13C100F2ADE1 /* HomeView.swift */,
				7E4F46AF29CA0C8200EB78E9 /* Assets.xcassets */,
				7E4F46B929CA0D3500EB78E9 /* Gilroy-ExtraBold.otf */,
				7E4F46BA29CA0D3500EB78E9 /* Gilroy-Light.otf */,
				7E4F46B129CA0C8200EB78E9 /* Preview Content */,
			);
			path = tinderDribbble;
			sourceTree = "<group>";
		};
		7E4F46B129CA0C8200EB78E9 /* Preview Content */ = {
			isa = PBXGroup;
			children = (
				7E4F46B229CA0C8200EB78E9 /* Preview Assets.xcassets */,
			);
			path = "Preview Content";
			sourceTree = "<group>";
		};
/* End PBXGroup section */

/* Begin PBXNativeTarget section */
		7E4F46A729CA0C8100EB78E9 /* tinderDribbble */ = {
			isa = PBXNativeTarget;
			buildConfigurationList = 7E4F46B629CA0C8200EB78E9 /* Build configuration list for PBXNativeTarget "tinderDribbble" */;
			buildPhases = (
				7E4F46A429CA0C8100EB78E9 /* Sources */,
				7E4F46A529CA0C8100EB78E9 /* Frameworks */,
				7E4F46A629CA0C8100EB78E9 /* Resources */,
			);
			buildRules = (
			);
			dependencies = (
			);
			name = tinderDribbble;
			productName = tinderDribbble;
			productReference = 7E4F46A829CA0C8100EB78E9 /* tinderDribbble.app */;
			productType = "com.apple.product-type.application";
		};
/* End PBXNativeTarget section */

/* Begin PBXProject section */
		7E4F46A029CA0C8100EB78E9 /* Project object */ = {
			isa = PBXProject;
			attributes = {
				BuildIndependentTargetsInParallel = 1;
				LastSwiftUpdateCheck = 1420;
				LastUpgradeCheck = 1420;
				TargetAttributes = {
					7E4F46A729CA0C8100EB78E9 = {
						CreatedOnToolsVersion = 14.2;
					};
				};
			};
			buildConfigurationList = 7E4F46A329CA0C8100EB78E9 /* Build configuration list for PBXProject "tinderDribbble" */;
			compatibilityVersion = "Xcode 14.0";
			developmentRegion = en;
			hasScannedForEncodings = 0;
			knownRegions = (
				en,
				Base,
			);
			mainGroup = 7E4F469F29CA0C8100EB78E9;
			productRefGroup = 7E4F46A929CA0C8100EB78E9 /* Products */;
			projectDirPath = "";
			projectRoot = "";
			targets = (
				7E4F46A729CA0C8100EB78E9 /* tinderDribbble */,
			);
		};
/* End PBXProject section */

/* Begin PBXResourcesBuildPhase section */
		7E4F46A629CA0C8100EB78E9 /* Resources */ = {
			isa = PBXResourcesBuildPhase;
			buildActionMask = 2147483647;
			files = (
				7E4F46B329CA0C8200EB78E9 /* Preview Assets.xcassets in Resources */,
				7E4F46B029CA0C8200EB78E9 /* Assets.xcassets in Resources */,
				7E4F46BC29CA0D3500EB78E9 /* Gilroy-Light.otf in Resources */,
				7E4F46BB29CA0D3500EB78E9 /* Gilroy-ExtraBold.otf in Resources */,
			);
			runOnlyForDeploymentPostprocessing = 0;
		};
/* End PBXResourcesBuildPhase section */

/* Begin PBXSourcesBuildPhase section */
		7E4F46A429CA0C8100EB78E9 /* Sources */ = {
			isa = PBXSourcesBuildPhase;
			buildActionMask = 2147483647;
			files = (
				7E9B30CA29CA13C100F2ADE1 /* HomeView.swift in Sources */,
				7E4F46AE29CA0C8100EB78E9 /* ContentView.swift in Sources */,
				7E9B30CC29CA152400F2ADE1 /* LocateView.swift in Sources */,
				7E9B30CE29CA1A1300F2ADE1 /* TargetView.swift in Sources */,
				7E9B30D029CA1A1F00F2ADE1 /* ChatView.swift in Sources */,
				7E4F46AC29CA0C8100EB78E9 /* tinderDribbbleApp.swift in Sources */,
			);
			runOnlyForDeploymentPostprocessing = 0;
		};
/* End PBXSourcesBuildPhase section */

/* Begin XCBuildConfiguration section */
		7E4F46B429CA0C8200EB78E9 /* Debug */ = {
			isa = XCBuildConfiguration;
			buildSettings = {
				ALWAYS_SEARCH_USER_PATHS = NO;
				CLANG_ANALYZER_NONNULL = YES;
				CLANG_ANALYZER_NUMBER_OBJECT_CONVERSION = YES_AGGRESSIVE;
				CLANG_CXX_LANGUAGE_STANDARD = "gnu++20";
				CLANG_ENABLE_MODULES = YES;
				CLANG_ENABLE_OBJC_ARC = YES;
				CLANG_ENABLE_OBJC_WEAK = YES;
				CLANG_WARN_BLOCK_CAPTURE_AUTORELEASING = YES;
				CLANG_WARN_BOOL_CONVERSION = YES;
				CLANG_WARN_COMMA = YES;
				CLANG_WARN_CONSTANT_CONVERSION = YES;
				CLANG_WARN_DEPRECATED_OBJC_IMPLEMENTATIONS = YES;
				CLANG_WARN_DIRECT_OBJC_ISA_USAGE = YES_ERROR;
				CLANG_WARN_DOCUMENTATION_COMMENTS = YES;
				CLANG_WARN_EMPTY_BODY = YES;
				CLANG_WARN_ENUM_CONVERSION = YES;
				CLANG_WARN_INFINITE_RECURSION = YES;
				CLANG_WARN_INT_CONVERSION = YES;
				CLANG_WARN_NON_LITERAL_NULL_CONVERSION = YES;
				CLANG_WARN_OBJC_IMPLICIT_RETAIN_SELF = YES;
				CLANG_WARN_OBJC_LITERAL_CONVERSION = YES;
				CLANG_WARN_OBJC_ROOT_CLASS = YES_ERROR;
				CLANG_WARN_QUOTED_INCLUDE_IN_FRAMEWORK_HEADER = YES;
				CLANG_WARN_RANGE_LOOP_ANALYSIS = YES;
				CLANG_WARN_STRICT_PROTOTYPES = YES;
				CLANG_WARN_SUSPICIOUS_MOVE = YES;
				CLANG_WARN_UNGUARDED_AVAILABILITY = YES_AGGRESSIVE;
				CLANG_WARN_UNREACHABLE_CODE = YES;
				CLANG_WARN__DUPLICATE_METHOD_MATCH = YES;
				COPY_PHASE_STRIP = NO;
				DEBUG_INFORMATION_FORMAT = dwarf;
				ENABLE_STRICT_OBJC_MSGSEND = YES;
				ENABLE_TESTABILITY = YES;
				GCC_C_LANGUAGE_STANDARD = gnu11;
				GCC_DYNAMIC_NO_PIC = NO;
				GCC_NO_COMMON_BLOCKS = YES;
				GCC_OPTIMIZATION_LEVEL = 0;
				GCC_PREPROCESSOR_DEFINITIONS = (
					"DEBUG=1",
					"$(inherited)",
				);
				GCC_WARN_64_TO_32_BIT_CONVERSION = YES;
				GCC_WARN_ABOUT_RETURN_TYPE = YES_ERROR;
				GCC_WARN_UNDECLARED_SELECTOR = YES;
				GCC_WARN_UNINITIALIZED_AUTOS = YES_AGGRESSIVE;
				GCC_WARN_UNUSED_FUNCTION = YES;
				GCC_WARN_UNUSED_VARIABLE = YES;
				IPHONEOS_DEPLOYMENT_TARGET = 16.2;
				MTL_ENABLE_DEBUG_INFO = INCLUDE_SOURCE;
				MTL_FAST_MATH = YES;
				ONLY_ACTIVE_ARCH = YES;
				SDKROOT = iphoneos;
				SWIFT_ACTIVE_COMPILATION_CONDITIONS = DEBUG;
				SWIFT_OPTIMIZATION_LEVEL = "-Onone";
			};
			name = Debug;
		};
		7E4F46B529CA0C8200EB78E9 /* Release */ = {
			isa = XCBuildConfiguration;
			buildSettings = {
				ALWAYS_SEARCH_USER_PATHS = NO;
				CLANG_ANALYZER_NONNULL = YES;
				CLANG_ANALYZER_NUMBER_OBJECT_CONVERSION = YES_AGGRESSIVE;
				CLANG_CXX_LANGUAGE_STANDARD = "gnu++20";
				CLANG_ENABLE_MODULES = YES;
				CLANG_ENABLE_OBJC_ARC = YES;
				CLANG_ENABLE_OBJC_WEAK = YES;
				CLANG_WARN_BLOCK_CAPTURE_AUTORELEASING = YES;
				CLANG_WARN_BOOL_CONVERSION = YES;
				CLANG_WARN_COMMA = YES;
				CLANG_WARN_CONSTANT_CONVERSION = YES;
				CLANG_WARN_DEPRECATED_OBJC_IMPLEMENTATIONS = YES;
				CLANG_WARN_DIRECT_OBJC_ISA_USAGE = YES_ERROR;
				CLANG_WARN_DOCUMENTATION_COMMENTS = YES;
				CLANG_WARN_EMPTY_BODY = YES;
				CLANG_WARN_ENUM_CONVERSION = YES;
				CLANG_WARN_INFINITE_RECURSION = YES;
				CLANG_WARN_INT_CONVERSION = YES;
				CLANG_WARN_NON_LITERAL_NULL_CONVERSION = YES;
				CLANG_WARN_OBJC_IMPLICIT_RETAIN_SELF = YES;
				CLANG_WARN_OBJC_LITERAL_CONVERSION = YES;
				CLANG_WARN_OBJC_ROOT_CLASS = YES_ERROR;
				CLANG_WARN_QUOTED_INCLUDE_IN_FRAMEWORK_HEADER = YES;
				CLANG_WARN_RANGE_LOOP_ANALYSIS = YES;
				CLANG_WARN_STRICT_PROTOTYPES = YES;
				CLANG_WARN_SUSPICIOUS_MOVE = YES;
				CLANG_WARN_UNGUARDED_AVAILABILITY = YES_AGGRESSIVE;
				CLANG_WARN_UNREACHABLE_CODE = YES;
				CLANG_WARN__DUPLICATE_METHOD_MATCH = YES;
				COPY_PHASE_STRIP = NO;
				DEBUG_INFORMATION_FORMAT = "dwarf-with-dsym";
				ENABLE_NS_ASSERTIONS = NO;
				ENABLE_STRICT_OBJC_MSGSEND = YES;
				GCC_C_LANGUAGE_STANDARD = gnu11;
				GCC_NO_COMMON_BLOCKS = YES;
				GCC_WARN_64_TO_32_BIT_CONVERSION = YES;
				GCC_WARN_ABOUT_RETURN_TYPE = YES_ERROR;
				GCC_WARN_UNDECLARED_SELECTOR = YES;
				GCC_WARN_UNINITIALIZED_AUTOS = YES_AGGRESSIVE;
				GCC_WARN_UNUSED_FUNCTION = YES;
				GCC_WARN_UNUSED_VARIABLE = YES;
				IPHONEOS_DEPLOYMENT_TARGET = 16.2;
				MTL_ENABLE_DEBUG_INFO = NO;
				MTL_FAST_MATH = YES;
				SDKROOT = iphoneos;
				SWIFT_COMPILATION_MODE = wholemodule;
				SWIFT_OPTIMIZATION_LEVEL = "-O";
				VALIDATE_PRODUCT = YES;
			};
			name = Release;
		};
		7E4F46B729CA0C8200EB78E9 /* Debug */ = {
			isa = XCBuildConfiguration;
			buildSettings = {
				ASSETCATALOG_COMPILER_APPICON_NAME = AppIcon;
				ASSETCATALOG_COMPILER_GLOBAL_ACCENT_COLOR_NAME = AccentColor;
				CODE_SIGN_STYLE = Automatic;
				CURRENT_PROJECT_VERSION = 1;
				DEVELOPMENT_ASSET_PATHS = "\"tinderDribbble/Preview Content\"";
				ENABLE_PREVIEWS = YES;
				GENERATE_INFOPLIST_FILE = YES;
				INFOPLIST_FILE = tinderDribbble/Info.plist;
				INFOPLIST_KEY_UIApplicationSceneManifest_Generation = YES;
				INFOPLIST_KEY_UIApplicationSupportsIndirectInputEvents = YES;
				INFOPLIST_KEY_UILaunchScreen_Generation = YES;
				INFOPLIST_KEY_UISupportedInterfaceOrientations_iPad = "UIInterfaceOrientationPortrait UIInterfaceOrientationPortraitUpsideDown UIInterfaceOrientationLandscapeLeft UIInterfaceOrientationLandscapeRight";
				INFOPLIST_KEY_UISupportedInterfaceOrientations_iPhone = "UIInterfaceOrientationPortrait UIInterfaceOrientationLandscapeLeft UIInterfaceOrientationLandscapeRight";
				LD_RUNPATH_SEARCH_PATHS = (
					"$(inherited)",
					"@executable_path/Frameworks",
				);
				MARKETING_VERSION = 1.0;
				PRODUCT_BUNDLE_IDENTIFIER = iOSLab.tinderDribbble;
				PRODUCT_NAME = "$(TARGET_NAME)";
				SWIFT_EMIT_LOC_STRINGS = YES;
				SWIFT_VERSION = 5.0;
				TARGETED_DEVICE_FAMILY = "1,2";
			};
			name = Debug;
		};
		7E4F46B829CA0C8200EB78E9 /* Release */ = {
			isa = XCBuildConfiguration;
			buildSettings = {
				ASSETCATALOG_COMPILER_APPICON_NAME = AppIcon;
				ASSETCATALOG_COMPILER_GLOBAL_ACCENT_COLOR_NAME = AccentColor;
				CODE_SIGN_STYLE = Automatic;
				CURRENT_PROJECT_VERSION = 1;
				DEVELOPMENT_ASSET_PATHS = "\"tinderDribbble/Preview Content\"";
				ENABLE_PREVIEWS = YES;
				GENERATE_INFOPLIST_FILE = YES;
				INFOPLIST_FILE = tinderDribbble/Info.plist;
				INFOPLIST_KEY_UIApplicationSceneManifest_Generation = YES;
				INFOPLIST_KEY_UIApplicationSupportsIndirectInputEvents = YES;
				INFOPLIST_KEY_UILaunchScreen_Generation = YES;
				INFOPLIST_KEY_UISupportedInterfaceOrientations_iPad = "UIInterfaceOrientationPortrait UIInterfaceOrientationPortraitUpsideDown UIInterfaceOrientationLandscapeLeft UIInterfaceOrientationLandscapeRight";
				INFOPLIST_KEY_UISupportedInterfaceOrientations_iPhone = "UIInterfaceOrientationPortrait UIInterfaceOrientationLandscapeLeft UIInterfaceOrientationLandscapeRight";
				LD_RUNPATH_SEARCH_PATHS = (
					"$(inherited)",
					"@executable_path/Frameworks",
				);
				MARKETING_VERSION = 1.0;
				PRODUCT_BUNDLE_IDENTIFIER = iOSLab.tinderDribbble;
				PRODUCT_NAME = "$(TARGET_NAME)";
				SWIFT_EMIT_LOC_STRINGS = YES;
				SWIFT_VERSION = 5.0;
				TARGETED_DEVICE_FAMILY = "1,2";
			};
			name = Release;
		};
/* End XCBuildConfiguration section */

/* Begin XCConfigurationList section */
		7E4F46A329CA0C8100EB78E9 /* Build configuration list for PBXProject "tinderDribbble" */ = {
			isa = XCConfigurationList;
			buildConfigurations = (
				7E4F46B429CA0C8200EB78E9 /* Debug */,
				7E4F46B529CA0C8200EB78E9 /* Release */,
			);
			defaultConfigurationIsVisible = 0;
			defaultConfigurationName = Release;
		};
		7E4F46B629CA0C8200EB78E9 /* Build configuration list for PBXNativeTarget "tinderDribbble" */ = {
			isa = XCConfigurationList;
			buildConfigurations = (
				7E4F46B729CA0C8200EB78E9 /* Debug */,
				7E4F46B829CA0C8200EB78E9 /* Release */,
			);
			defaultConfigurationIsVisible = 0;
			defaultConfigurationName = Release;
		};
/* End XCConfigurationList section */
	};
	rootObject = 7E4F46A029CA0C8100EB78E9 /* Project object */;
}
